
Microsoft Visual Studio Solution File, Format Version 12.00
Project("{2150E333-8FDC-42A3-9474-1A3956D46DE8}") = "src", "src", "{52632806-9BA5-46B9-83F7-B8534028E282}"
EndProject
Project("{FAE04EC0-301F-11D3-BF4B-00C04F79EFBC}") = "Doctor", "src\Doctor\Doctor.csproj", "{5DA18E62-F5BC-4A9B-84CE-980E271D49CD}"
EndProject
Global
	GlobalSection(SolutionConfigurationPlatforms) = preSolution
		Debug|Any CPU = Debug|Any CPU
		Release|Any CPU = Release|Any CPU
	EndGlobalSection
	GlobalSection(NestedProjects) = preSolution
		{5DA18E62-F5BC-4A9B-84CE-980E271D49CD} = {52632806-9BA5-46B9-83F7-B8534028E282}
	EndGlobalSection
	GlobalSection(ProjectConfigurationPlatforms) = postSolution
		{5DA18E62-F5BC-4A9B-84CE-980E271D49CD}.Debug|Any CPU.ActiveCfg = Debug|Any CPU
		{5DA18E62-F5BC-4A9B-84CE-980E271D49CD}.Debug|Any CPU.Build.0 = Debug|Any CPU
		{5DA18E62-F5BC-4A9B-84CE-980E271D49CD}.Release|Any CPU.ActiveCfg = Release|Any CPU
		{5DA18E62-F5BC-4A9B-84CE-980E271D49CD}.Release|Any CPU.Build.0 = Release|Any CPU
	EndGlobalSection
EndGlobal
