
Microsoft Visual Studio Solution File, Format Version 12.00
Project("{2150E333-8FDC-42A3-9474-1A3956D46DE8}") = "src", "src", "{52632806-9BA5-46B9-83F7-B8534028E282}"
EndProject
Project("{2150E333-8FDC-42A3-9474-1A3956D46DE8}") = "deps", "deps", "{B0813A02-D224-441B-A833-2C08BD2C1930}"
EndProject
Project("{2150E333-8FDC-42A3-9474-1A3956D46DE8}") = "AsmResolver", "AsmResolver", "{66395603-B8F9-4026-85DF-1CDE0E0E197B}"
EndProject
Project("{FAE04EC0-301F-11D3-BF4B-00C04F79EFBC}") = "AsmResolver.Workspaces.DotNet", "deps\AsmResolver\src\AsmResolver.Workspaces.DotNet\AsmResolver.Workspaces.DotNet.csproj", "{B8372DB6-29B0-404E-BFC1-1361EBE317D6}"
EndProject
Project("{FAE04EC0-301F-11D3-BF4B-00C04F79EFBC}") = "AsmResolver.Workspaces", "deps\AsmResolver\src\AsmResolver.Workspaces\AsmResolver.Workspaces.csproj", "{670276C5-B7F3-44D9-8407-50307661008A}"
EndProject
Project("{FAE04EC0-301F-11D3-BF4B-00C04F79EFBC}") = "AsmResolver.PE.Win32Resources", "deps\AsmResolver\src\AsmResolver.PE.Win32Resources\AsmResolver.PE.Win32Resources.csproj", "{7979E912-2EBB-427A-8BAC-88B29F8494EF}"
EndProject
Project("{FAE04EC0-301F-11D3-BF4B-00C04F79EFBC}") = "AsmResolver.PE.File", "deps\AsmResolver\src\AsmResolver.PE.File\AsmResolver.PE.File.csproj", "{77C122D8-B5C2-4C60-AF90-2BA2C4614B32}"
EndProject
Project("{FAE04EC0-301F-11D3-BF4B-00C04F79EFBC}") = "AsmResolver.PE", "deps\AsmResolver\src\AsmResolver.PE\AsmResolver.PE.csproj", "{62EC461F-2D64-45CF-AAB6-1490D8E2BA14}"
EndProject
Project("{FAE04EC0-301F-11D3-BF4B-00C04F79EFBC}") = "AsmResolver.DotNet", "deps\AsmResolver\src\AsmResolver.DotNet\AsmResolver.DotNet.csproj", "{13961754-AC50-4B50-BA71-C82AFFBCAAC3}"
EndProject
Project("{FAE04EC0-301F-11D3-BF4B-00C04F79EFBC}") = "AsmResolver", "deps\AsmResolver\src\AsmResolver\AsmResolver.csproj", "{331A1D3B-D1E0-4A0B-A8F8-F0ED98DDD00E}"
EndProject
Project("{FAE04EC0-301F-11D3-BF4B-00C04F79EFBC}") = "Doktr.Utilities", "src\Doktr.Utilities\Doktr.Utilities.csproj", "{538D81D9-A161-45AB-8DB3-B7823D3528A3}"
EndProject
Global
	GlobalSection(SolutionConfigurationPlatforms) = preSolution
		Debug|Any CPU = Debug|Any CPU
		Release|Any CPU = Release|Any CPU
	EndGlobalSection
	GlobalSection(NestedProjects) = preSolution
		{66395603-B8F9-4026-85DF-1CDE0E0E197B} = {B0813A02-D224-441B-A833-2C08BD2C1930}
		{B8372DB6-29B0-404E-BFC1-1361EBE317D6} = {66395603-B8F9-4026-85DF-1CDE0E0E197B}
		{670276C5-B7F3-44D9-8407-50307661008A} = {66395603-B8F9-4026-85DF-1CDE0E0E197B}
		{7979E912-2EBB-427A-8BAC-88B29F8494EF} = {66395603-B8F9-4026-85DF-1CDE0E0E197B}
		{77C122D8-B5C2-4C60-AF90-2BA2C4614B32} = {66395603-B8F9-4026-85DF-1CDE0E0E197B}
		{62EC461F-2D64-45CF-AAB6-1490D8E2BA14} = {66395603-B8F9-4026-85DF-1CDE0E0E197B}
		{13961754-AC50-4B50-BA71-C82AFFBCAAC3} = {66395603-B8F9-4026-85DF-1CDE0E0E197B}
		{331A1D3B-D1E0-4A0B-A8F8-F0ED98DDD00E} = {66395603-B8F9-4026-85DF-1CDE0E0E197B}
		{538D81D9-A161-45AB-8DB3-B7823D3528A3} = {52632806-9BA5-46B9-83F7-B8534028E282}
	EndGlobalSection
	GlobalSection(ProjectConfigurationPlatforms) = postSolution
		{B8372DB6-29B0-404E-BFC1-1361EBE317D6}.Debug|Any CPU.ActiveCfg = Debug|Any CPU
		{B8372DB6-29B0-404E-BFC1-1361EBE317D6}.Debug|Any CPU.Build.0 = Debug|Any CPU
		{B8372DB6-29B0-404E-BFC1-1361EBE317D6}.Release|Any CPU.ActiveCfg = Release|Any CPU
		{B8372DB6-29B0-404E-BFC1-1361EBE317D6}.Release|Any CPU.Build.0 = Release|Any CPU
		{670276C5-B7F3-44D9-8407-50307661008A}.Debug|Any CPU.ActiveCfg = Debug|Any CPU
		{670276C5-B7F3-44D9-8407-50307661008A}.Debug|Any CPU.Build.0 = Debug|Any CPU
		{670276C5-B7F3-44D9-8407-50307661008A}.Release|Any CPU.ActiveCfg = Release|Any CPU
		{670276C5-B7F3-44D9-8407-50307661008A}.Release|Any CPU.Build.0 = Release|Any CPU
		{7979E912-2EBB-427A-8BAC-88B29F8494EF}.Debug|Any CPU.ActiveCfg = Debug|Any CPU
		{7979E912-2EBB-427A-8BAC-88B29F8494EF}.Debug|Any CPU.Build.0 = Debug|Any CPU
		{7979E912-2EBB-427A-8BAC-88B29F8494EF}.Release|Any CPU.ActiveCfg = Release|Any CPU
		{7979E912-2EBB-427A-8BAC-88B29F8494EF}.Release|Any CPU.Build.0 = Release|Any CPU
		{77C122D8-B5C2-4C60-AF90-2BA2C4614B32}.Debug|Any CPU.ActiveCfg = Debug|Any CPU
		{77C122D8-B5C2-4C60-AF90-2BA2C4614B32}.Debug|Any CPU.Build.0 = Debug|Any CPU
		{77C122D8-B5C2-4C60-AF90-2BA2C4614B32}.Release|Any CPU.ActiveCfg = Release|Any CPU
		{77C122D8-B5C2-4C60-AF90-2BA2C4614B32}.Release|Any CPU.Build.0 = Release|Any CPU
		{62EC461F-2D64-45CF-AAB6-1490D8E2BA14}.Debug|Any CPU.ActiveCfg = Debug|Any CPU
		{62EC461F-2D64-45CF-AAB6-1490D8E2BA14}.Debug|Any CPU.Build.0 = Debug|Any CPU
		{62EC461F-2D64-45CF-AAB6-1490D8E2BA14}.Release|Any CPU.ActiveCfg = Release|Any CPU
		{62EC461F-2D64-45CF-AAB6-1490D8E2BA14}.Release|Any CPU.Build.0 = Release|Any CPU
		{13961754-AC50-4B50-BA71-C82AFFBCAAC3}.Debug|Any CPU.ActiveCfg = Debug|Any CPU
		{13961754-AC50-4B50-BA71-C82AFFBCAAC3}.Debug|Any CPU.Build.0 = Debug|Any CPU
		{13961754-AC50-4B50-BA71-C82AFFBCAAC3}.Release|Any CPU.ActiveCfg = Release|Any CPU
		{13961754-AC50-4B50-BA71-C82AFFBCAAC3}.Release|Any CPU.Build.0 = Release|Any CPU
		{331A1D3B-D1E0-4A0B-A8F8-F0ED98DDD00E}.Debug|Any CPU.ActiveCfg = Debug|Any CPU
		{331A1D3B-D1E0-4A0B-A8F8-F0ED98DDD00E}.Debug|Any CPU.Build.0 = Debug|Any CPU
		{331A1D3B-D1E0-4A0B-A8F8-F0ED98DDD00E}.Release|Any CPU.ActiveCfg = Release|Any CPU
		{331A1D3B-D1E0-4A0B-A8F8-F0ED98DDD00E}.Release|Any CPU.Build.0 = Release|Any CPU
		{538D81D9-A161-45AB-8DB3-B7823D3528A3}.Debug|Any CPU.ActiveCfg = Debug|Any CPU
		{538D81D9-A161-45AB-8DB3-B7823D3528A3}.Debug|Any CPU.Build.0 = Debug|Any CPU
		{538D81D9-A161-45AB-8DB3-B7823D3528A3}.Release|Any CPU.ActiveCfg = Release|Any CPU
		{538D81D9-A161-45AB-8DB3-B7823D3528A3}.Release|Any CPU.Build.0 = Release|Any CPU
	EndGlobalSection
EndGlobal
